
Microsoft Visual Studio Solution File, Format Version 12.00
# Visual Studio 14
VisualStudioVersion = 14.0.23107.0
MinimumVisualStudioVersion = 10.0.40219.1
Project("{FAE04EC0-301F-11D3-BF4B-00C04F79EFBC}") = "IDA", "IDA\IDA.csproj", "{B35ECA9C-95A2-4406-B2D2-415EB9ACF8D9}"
EndProject
Project("{FAE04EC0-301F-11D3-BF4B-00C04F79EFBC}") = "IDADataAccess", "IDADataAccess\IDADataAccess.csproj", "{155F9E92-D68C-492A-9B68-A4B3FB74B9AB}"
EndProject
Project("{FAE04EC0-301F-11D3-BF4B-00C04F79EFBC}") = "Infrastructure", "Infrastructure\Infrastructure.csproj", "{24A6C894-F1B5-4FD1-8A6D-02FD9A245F96}"
EndProject
Project("{FAE04EC0-301F-11D3-BF4B-00C04F79EFBC}") = "IDALibrary", "IDALibrary\IDALibrary.csproj", "{65D356AA-E1AA-4DE5-B919-D6B60187AA4B}"
EndProject
Project("{FAE04EC0-301F-11D3-BF4B-00C04F79EFBC}") = "IDATests", "IDATests\IDATests.csproj", "{445501A3-FB63-4ADA-96E1-D77F9143BDEC}"
EndProject
Global
	GlobalSection(SolutionConfigurationPlatforms) = preSolution
		Debug|Any CPU = Debug|Any CPU
		Debug|x64 = Debug|x64
		Release|Any CPU = Release|Any CPU
		Release|x64 = Release|x64
	EndGlobalSection
	GlobalSection(ProjectConfigurationPlatforms) = postSolution
		{B35ECA9C-95A2-4406-B2D2-415EB9ACF8D9}.Debug|Any CPU.ActiveCfg = Debug|Any CPU
		{B35ECA9C-95A2-4406-B2D2-415EB9ACF8D9}.Debug|Any CPU.Build.0 = Debug|Any CPU
		{B35ECA9C-95A2-4406-B2D2-415EB9ACF8D9}.Debug|x64.ActiveCfg = Debug|Any CPU
		{B35ECA9C-95A2-4406-B2D2-415EB9ACF8D9}.Debug|x64.Build.0 = Debug|Any CPU
		{B35ECA9C-95A2-4406-B2D2-415EB9ACF8D9}.Release|Any CPU.ActiveCfg = Release|Any CPU
		{B35ECA9C-95A2-4406-B2D2-415EB9ACF8D9}.Release|Any CPU.Build.0 = Release|Any CPU
		{B35ECA9C-95A2-4406-B2D2-415EB9ACF8D9}.Release|x64.ActiveCfg = Release|Any CPU
		{B35ECA9C-95A2-4406-B2D2-415EB9ACF8D9}.Release|x64.Build.0 = Release|Any CPU
		{155F9E92-D68C-492A-9B68-A4B3FB74B9AB}.Debug|Any CPU.ActiveCfg = Debug|Any CPU
		{155F9E92-D68C-492A-9B68-A4B3FB74B9AB}.Debug|Any CPU.Build.0 = Debug|Any CPU
		{155F9E92-D68C-492A-9B68-A4B3FB74B9AB}.Debug|x64.ActiveCfg = Debug|Any CPU
		{155F9E92-D68C-492A-9B68-A4B3FB74B9AB}.Debug|x64.Build.0 = Debug|Any CPU
		{155F9E92-D68C-492A-9B68-A4B3FB74B9AB}.Release|Any CPU.ActiveCfg = Release|Any CPU
		{155F9E92-D68C-492A-9B68-A4B3FB74B9AB}.Release|Any CPU.Build.0 = Release|Any CPU
		{155F9E92-D68C-492A-9B68-A4B3FB74B9AB}.Release|x64.ActiveCfg = Release|Any CPU
		{155F9E92-D68C-492A-9B68-A4B3FB74B9AB}.Release|x64.Build.0 = Release|Any CPU
		{24A6C894-F1B5-4FD1-8A6D-02FD9A245F96}.Debug|Any CPU.ActiveCfg = Debug|Any CPU
		{24A6C894-F1B5-4FD1-8A6D-02FD9A245F96}.Debug|Any CPU.Build.0 = Debug|Any CPU
		{24A6C894-F1B5-4FD1-8A6D-02FD9A245F96}.Debug|x64.ActiveCfg = Debug|x64
		{24A6C894-F1B5-4FD1-8A6D-02FD9A245F96}.Debug|x64.Build.0 = Debug|x64
		{24A6C894-F1B5-4FD1-8A6D-02FD9A245F96}.Release|Any CPU.ActiveCfg = Release|Any CPU
		{24A6C894-F1B5-4FD1-8A6D-02FD9A245F96}.Release|Any CPU.Build.0 = Release|Any CPU
		{24A6C894-F1B5-4FD1-8A6D-02FD9A245F96}.Release|x64.ActiveCfg = Release|x64
		{24A6C894-F1B5-4FD1-8A6D-02FD9A245F96}.Release|x64.Build.0 = Release|x64
		{65D356AA-E1AA-4DE5-B919-D6B60187AA4B}.Debug|Any CPU.ActiveCfg = Debug|Any CPU
		{65D356AA-E1AA-4DE5-B919-D6B60187AA4B}.Debug|Any CPU.Build.0 = Debug|Any CPU
		{65D356AA-E1AA-4DE5-B919-D6B60187AA4B}.Debug|x64.ActiveCfg = Debug|Any CPU
		{65D356AA-E1AA-4DE5-B919-D6B60187AA4B}.Debug|x64.Build.0 = Debug|Any CPU
		{65D356AA-E1AA-4DE5-B919-D6B60187AA4B}.Release|Any CPU.ActiveCfg = Release|Any CPU
		{65D356AA-E1AA-4DE5-B919-D6B60187AA4B}.Release|Any CPU.Build.0 = Release|Any CPU
		{65D356AA-E1AA-4DE5-B919-D6B60187AA4B}.Release|x64.ActiveCfg = Release|Any CPU
		{65D356AA-E1AA-4DE5-B919-D6B60187AA4B}.Release|x64.Build.0 = Release|Any CPU
		{445501A3-FB63-4ADA-96E1-D77F9143BDEC}.Debug|Any CPU.ActiveCfg = Debug|Any CPU
		{445501A3-FB63-4ADA-96E1-D77F9143BDEC}.Debug|Any CPU.Build.0 = Debug|Any CPU
		{445501A3-FB63-4ADA-96E1-D77F9143BDEC}.Debug|x64.ActiveCfg = Debug|Any CPU
		{445501A3-FB63-4ADA-96E1-D77F9143BDEC}.Debug|x64.Build.0 = Debug|Any CPU
		{445501A3-FB63-4ADA-96E1-D77F9143BDEC}.Release|Any CPU.ActiveCfg = Release|Any CPU
		{445501A3-FB63-4ADA-96E1-D77F9143BDEC}.Release|Any CPU.Build.0 = Release|Any CPU
		{445501A3-FB63-4ADA-96E1-D77F9143BDEC}.Release|x64.ActiveCfg = Release|Any CPU
		{445501A3-FB63-4ADA-96E1-D77F9143BDEC}.Release|x64.Build.0 = Release|Any CPU
	EndGlobalSection
	GlobalSection(SolutionProperties) = preSolution
		HideSolutionNode = FALSE
	EndGlobalSection
EndGlobal
